
Microsoft Visual Studio Solution File, Format Version 12.00
# Visual Studio 15
VisualStudioVersion = 15.0.28307.645
MinimumVisualStudioVersion = 10.0.40219.1
Project("{FAE04EC0-301F-11D3-BF4B-00C04F79EFBC}") = "Contactos.Android", "Contactos\Contactos.Android\Contactos.Android.csproj", "{A84988CC-9949-4A7A-A14D-8A4D34FD3D9A}"
EndProject
Project("{FAE04EC0-301F-11D3-BF4B-00C04F79EFBC}") = "Contactos.iOS", "Contactos\Contactos.iOS\Contactos.iOS.csproj", "{1E3F7F6D-C3C3-47FB-8867-162BE724CBD7}"
EndProject
Project("{FAE04EC0-301F-11D3-BF4B-00C04F79EFBC}") = "Contactos.UWP", "Contactos\Contactos.UWP\Contactos.UWP.csproj", "{1A18D860-683F-4D3E-83B8-7B0F8CC1B8AC}"
EndProject
Project("{FAE04EC0-301F-11D3-BF4B-00C04F79EFBC}") = "Contactos", "Contactos\Contactos\Contactos.csproj", "{0A9BEA65-8C98-4C8E-B4ED-322EA0B20044}"
EndProject
Global
	GlobalSection(SolutionConfigurationPlatforms) = preSolution
		Ad-Hoc|Any CPU = Ad-Hoc|Any CPU
		Ad-Hoc|ARM = Ad-Hoc|ARM
		Ad-Hoc|iPhone = Ad-Hoc|iPhone
		Ad-Hoc|iPhoneSimulator = Ad-Hoc|iPhoneSimulator
		Ad-Hoc|x64 = Ad-Hoc|x64
		Ad-Hoc|x86 = Ad-Hoc|x86
		AppStore|Any CPU = AppStore|Any CPU
		AppStore|ARM = AppStore|ARM
		AppStore|iPhone = AppStore|iPhone
		AppStore|iPhoneSimulator = AppStore|iPhoneSimulator
		AppStore|x64 = AppStore|x64
		AppStore|x86 = AppStore|x86
		Debug|Any CPU = Debug|Any CPU
		Debug|ARM = Debug|ARM
		Debug|iPhone = Debug|iPhone
		Debug|iPhoneSimulator = Debug|iPhoneSimulator
		Debug|x64 = Debug|x64
		Debug|x86 = Debug|x86
		Release|Any CPU = Release|Any CPU
		Release|ARM = Release|ARM
		Release|iPhone = Release|iPhone
		Release|iPhoneSimulator = Release|iPhoneSimulator
		Release|x64 = Release|x64
		Release|x86 = Release|x86
	EndGlobalSection
	GlobalSection(ProjectConfigurationPlatforms) = postSolution
		{A84988CC-9949-4A7A-A14D-8A4D34FD3D9A}.Ad-Hoc|Any CPU.ActiveCfg = Release|Any CPU
		{A84988CC-9949-4A7A-A14D-8A4D34FD3D9A}.Ad-Hoc|Any CPU.Build.0 = Release|Any CPU
		{A84988CC-9949-4A7A-A14D-8A4D34FD3D9A}.Ad-Hoc|Any CPU.Deploy.0 = Release|Any CPU
		{A84988CC-9949-4A7A-A14D-8A4D34FD3D9A}.Ad-Hoc|ARM.ActiveCfg = Release|Any CPU
		{A84988CC-9949-4A7A-A14D-8A4D34FD3D9A}.Ad-Hoc|ARM.Build.0 = Release|Any CPU
		{A84988CC-9949-4A7A-A14D-8A4D34FD3D9A}.Ad-Hoc|ARM.Deploy.0 = Release|Any CPU
		{A84988CC-9949-4A7A-A14D-8A4D34FD3D9A}.Ad-Hoc|iPhone.ActiveCfg = Release|Any CPU
		{A84988CC-9949-4A7A-A14D-8A4D34FD3D9A}.Ad-Hoc|iPhone.Build.0 = Release|Any CPU
		{A84988CC-9949-4A7A-A14D-8A4D34FD3D9A}.Ad-Hoc|iPhone.Deploy.0 = Release|Any CPU
		{A84988CC-9949-4A7A-A14D-8A4D34FD3D9A}.Ad-Hoc|iPhoneSimulator.ActiveCfg = Release|Any CPU
		{A84988CC-9949-4A7A-A14D-8A4D34FD3D9A}.Ad-Hoc|iPhoneSimulator.Build.0 = Release|Any CPU
		{A84988CC-9949-4A7A-A14D-8A4D34FD3D9A}.Ad-Hoc|iPhoneSimulator.Deploy.0 = Release|Any CPU
		{A84988CC-9949-4A7A-A14D-8A4D34FD3D9A}.Ad-Hoc|x64.ActiveCfg = Release|Any CPU
		{A84988CC-9949-4A7A-A14D-8A4D34FD3D9A}.Ad-Hoc|x64.Build.0 = Release|Any CPU
		{A84988CC-9949-4A7A-A14D-8A4D34FD3D9A}.Ad-Hoc|x64.Deploy.0 = Release|Any CPU
		{A84988CC-9949-4A7A-A14D-8A4D34FD3D9A}.Ad-Hoc|x86.ActiveCfg = Release|Any CPU
		{A84988CC-9949-4A7A-A14D-8A4D34FD3D9A}.Ad-Hoc|x86.Build.0 = Release|Any CPU
		{A84988CC-9949-4A7A-A14D-8A4D34FD3D9A}.Ad-Hoc|x86.Deploy.0 = Release|Any CPU
		{A84988CC-9949-4A7A-A14D-8A4D34FD3D9A}.AppStore|Any CPU.ActiveCfg = Release|Any CPU
		{A84988CC-9949-4A7A-A14D-8A4D34FD3D9A}.AppStore|Any CPU.Build.0 = Release|Any CPU
		{A84988CC-9949-4A7A-A14D-8A4D34FD3D9A}.AppStore|Any CPU.Deploy.0 = Release|Any CPU
		{A84988CC-9949-4A7A-A14D-8A4D34FD3D9A}.AppStore|ARM.ActiveCfg = Release|Any CPU
		{A84988CC-9949-4A7A-A14D-8A4D34FD3D9A}.AppStore|ARM.Build.0 = Release|Any CPU
		{A84988CC-9949-4A7A-A14D-8A4D34FD3D9A}.AppStore|ARM.Deploy.0 = Release|Any CPU
		{A84988CC-9949-4A7A-A14D-8A4D34FD3D9A}.AppStore|iPhone.ActiveCfg = Release|Any CPU
		{A84988CC-9949-4A7A-A14D-8A4D34FD3D9A}.AppStore|iPhone.Build.0 = Release|Any CPU
		{A84988CC-9949-4A7A-A14D-8A4D34FD3D9A}.AppStore|iPhone.Deploy.0 = Release|Any CPU
		{A84988CC-9949-4A7A-A14D-8A4D34FD3D9A}.AppStore|iPhoneSimulator.ActiveCfg = Release|Any CPU
		{A84988CC-9949-4A7A-A14D-8A4D34FD3D9A}.AppStore|iPhoneSimulator.Build.0 = Release|Any CPU
		{A84988CC-9949-4A7A-A14D-8A4D34FD3D9A}.AppStore|iPhoneSimulator.Deploy.0 = Release|Any CPU
		{A84988CC-9949-4A7A-A14D-8A4D34FD3D9A}.AppStore|x64.ActiveCfg = Release|Any CPU
		{A84988CC-9949-4A7A-A14D-8A4D34FD3D9A}.AppStore|x64.Build.0 = Release|Any CPU
		{A84988CC-9949-4A7A-A14D-8A4D34FD3D9A}.AppStore|x64.Deploy.0 = Release|Any CPU
		{A84988CC-9949-4A7A-A14D-8A4D34FD3D9A}.AppStore|x86.ActiveCfg = Release|Any CPU
		{A84988CC-9949-4A7A-A14D-8A4D34FD3D9A}.AppStore|x86.Build.0 = Release|Any CPU
		{A84988CC-9949-4A7A-A14D-8A4D34FD3D9A}.AppStore|x86.Deploy.0 = Release|Any CPU
		{A84988CC-9949-4A7A-A14D-8A4D34FD3D9A}.Debug|Any CPU.ActiveCfg = Debug|Any CPU
		{A84988CC-9949-4A7A-A14D-8A4D34FD3D9A}.Debug|Any CPU.Build.0 = Debug|Any CPU
		{A84988CC-9949-4A7A-A14D-8A4D34FD3D9A}.Debug|Any CPU.Deploy.0 = Debug|Any CPU
		{A84988CC-9949-4A7A-A14D-8A4D34FD3D9A}.Debug|ARM.ActiveCfg = Debug|Any CPU
		{A84988CC-9949-4A7A-A14D-8A4D34FD3D9A}.Debug|ARM.Build.0 = Debug|Any CPU
		{A84988CC-9949-4A7A-A14D-8A4D34FD3D9A}.Debug|ARM.Deploy.0 = Debug|Any CPU
		{A84988CC-9949-4A7A-A14D-8A4D34FD3D9A}.Debug|iPhone.ActiveCfg = Debug|Any CPU
		{A84988CC-9949-4A7A-A14D-8A4D34FD3D9A}.Debug|iPhone.Build.0 = Debug|Any CPU
		{A84988CC-9949-4A7A-A14D-8A4D34FD3D9A}.Debug|iPhone.Deploy.0 = Debug|Any CPU
		{A84988CC-9949-4A7A-A14D-8A4D34FD3D9A}.Debug|iPhoneSimulator.ActiveCfg = Debug|Any CPU
		{A84988CC-9949-4A7A-A14D-8A4D34FD3D9A}.Debug|iPhoneSimulator.Build.0 = Debug|Any CPU
		{A84988CC-9949-4A7A-A14D-8A4D34FD3D9A}.Debug|iPhoneSimulator.Deploy.0 = Debug|Any CPU
		{A84988CC-9949-4A7A-A14D-8A4D34FD3D9A}.Debug|x64.ActiveCfg = Debug|Any CPU
		{A84988CC-9949-4A7A-A14D-8A4D34FD3D9A}.Debug|x64.Build.0 = Debug|Any CPU
		{A84988CC-9949-4A7A-A14D-8A4D34FD3D9A}.Debug|x64.Deploy.0 = Debug|Any CPU
		{A84988CC-9949-4A7A-A14D-8A4D34FD3D9A}.Debug|x86.ActiveCfg = Debug|Any CPU
		{A84988CC-9949-4A7A-A14D-8A4D34FD3D9A}.Debug|x86.Build.0 = Debug|Any CPU
		{A84988CC-9949-4A7A-A14D-8A4D34FD3D9A}.Debug|x86.Deploy.0 = Debug|Any CPU
		{A84988CC-9949-4A7A-A14D-8A4D34FD3D9A}.Release|Any CPU.ActiveCfg = Release|Any CPU
		{A84988CC-9949-4A7A-A14D-8A4D34FD3D9A}.Release|Any CPU.Build.0 = Release|Any CPU
		{A84988CC-9949-4A7A-A14D-8A4D34FD3D9A}.Release|Any CPU.Deploy.0 = Release|Any CPU
		{A84988CC-9949-4A7A-A14D-8A4D34FD3D9A}.Release|ARM.ActiveCfg = Release|Any CPU
		{A84988CC-9949-4A7A-A14D-8A4D34FD3D9A}.Release|ARM.Build.0 = Release|Any CPU
		{A84988CC-9949-4A7A-A14D-8A4D34FD3D9A}.Release|ARM.Deploy.0 = Release|Any CPU
		{A84988CC-9949-4A7A-A14D-8A4D34FD3D9A}.Release|iPhone.ActiveCfg = Release|Any CPU
		{A84988CC-9949-4A7A-A14D-8A4D34FD3D9A}.Release|iPhone.Build.0 = Release|Any CPU
		{A84988CC-9949-4A7A-A14D-8A4D34FD3D9A}.Release|iPhone.Deploy.0 = Release|Any CPU
		{A84988CC-9949-4A7A-A14D-8A4D34FD3D9A}.Release|iPhoneSimulator.ActiveCfg = Release|Any CPU
		{A84988CC-9949-4A7A-A14D-8A4D34FD3D9A}.Release|iPhoneSimulator.Build.0 = Release|Any CPU
		{A84988CC-9949-4A7A-A14D-8A4D34FD3D9A}.Release|iPhoneSimulator.Deploy.0 = Release|Any CPU
		{A84988CC-9949-4A7A-A14D-8A4D34FD3D9A}.Release|x64.ActiveCfg = Release|Any CPU
		{A84988CC-9949-4A7A-A14D-8A4D34FD3D9A}.Release|x64.Build.0 = Release|Any CPU
		{A84988CC-9949-4A7A-A14D-8A4D34FD3D9A}.Release|x64.Deploy.0 = Release|Any CPU
		{A84988CC-9949-4A7A-A14D-8A4D34FD3D9A}.Release|x86.ActiveCfg = Release|Any CPU
		{A84988CC-9949-4A7A-A14D-8A4D34FD3D9A}.Release|x86.Build.0 = Release|Any CPU
		{A84988CC-9949-4A7A-A14D-8A4D34FD3D9A}.Release|x86.Deploy.0 = Release|Any CPU
		{1E3F7F6D-C3C3-47FB-8867-162BE724CBD7}.Ad-Hoc|Any CPU.ActiveCfg = Ad-Hoc|iPhone
		{1E3F7F6D-C3C3-47FB-8867-162BE724CBD7}.Ad-Hoc|Any CPU.Build.0 = Ad-Hoc|iPhone
		{1E3F7F6D-C3C3-47FB-8867-162BE724CBD7}.Ad-Hoc|Any CPU.Deploy.0 = Ad-Hoc|iPhone
		{1E3F7F6D-C3C3-47FB-8867-162BE724CBD7}.Ad-Hoc|ARM.ActiveCfg = Ad-Hoc|iPhone
		{1E3F7F6D-C3C3-47FB-8867-162BE724CBD7}.Ad-Hoc|ARM.Build.0 = Ad-Hoc|iPhone
		{1E3F7F6D-C3C3-47FB-8867-162BE724CBD7}.Ad-Hoc|ARM.Deploy.0 = Ad-Hoc|iPhone
		{1E3F7F6D-C3C3-47FB-8867-162BE724CBD7}.Ad-Hoc|iPhone.ActiveCfg = Ad-Hoc|iPhone
		{1E3F7F6D-C3C3-47FB-8867-162BE724CBD7}.Ad-Hoc|iPhone.Build.0 = Ad-Hoc|iPhone
		{1E3F7F6D-C3C3-47FB-8867-162BE724CBD7}.Ad-Hoc|iPhone.Deploy.0 = Ad-Hoc|iPhone
		{1E3F7F6D-C3C3-47FB-8867-162BE724CBD7}.Ad-Hoc|iPhoneSimulator.ActiveCfg = Ad-Hoc|iPhoneSimulator
		{1E3F7F6D-C3C3-47FB-8867-162BE724CBD7}.Ad-Hoc|iPhoneSimulator.Build.0 = Ad-Hoc|iPhoneSimulator
		{1E3F7F6D-C3C3-47FB-8867-162BE724CBD7}.Ad-Hoc|iPhoneSimulator.Deploy.0 = Ad-Hoc|iPhoneSimulator
		{1E3F7F6D-C3C3-47FB-8867-162BE724CBD7}.Ad-Hoc|x64.ActiveCfg = Ad-Hoc|iPhone
		{1E3F7F6D-C3C3-47FB-8867-162BE724CBD7}.Ad-Hoc|x64.Build.0 = Ad-Hoc|iPhone
		{1E3F7F6D-C3C3-47FB-8867-162BE724CBD7}.Ad-Hoc|x64.Deploy.0 = Ad-Hoc|iPhone
		{1E3F7F6D-C3C3-47FB-8867-162BE724CBD7}.Ad-Hoc|x86.ActiveCfg = Ad-Hoc|iPhone
		{1E3F7F6D-C3C3-47FB-8867-162BE724CBD7}.Ad-Hoc|x86.Build.0 = Ad-Hoc|iPhone
		{1E3F7F6D-C3C3-47FB-8867-162BE724CBD7}.Ad-Hoc|x86.Deploy.0 = Ad-Hoc|iPhone
		{1E3F7F6D-C3C3-47FB-8867-162BE724CBD7}.AppStore|Any CPU.ActiveCfg = AppStore|iPhone
		{1E3F7F6D-C3C3-47FB-8867-162BE724CBD7}.AppStore|Any CPU.Build.0 = AppStore|iPhone
		{1E3F7F6D-C3C3-47FB-8867-162BE724CBD7}.AppStore|Any CPU.Deploy.0 = AppStore|iPhone
		{1E3F7F6D-C3C3-47FB-8867-162BE724CBD7}.AppStore|ARM.ActiveCfg = AppStore|iPhone
		{1E3F7F6D-C3C3-47FB-8867-162BE724CBD7}.AppStore|ARM.Build.0 = AppStore|iPhone
		{1E3F7F6D-C3C3-47FB-8867-162BE724CBD7}.AppStore|ARM.Deploy.0 = AppStore|iPhone
		{1E3F7F6D-C3C3-47FB-8867-162BE724CBD7}.AppStore|iPhone.ActiveCfg = AppStore|iPhone
		{1E3F7F6D-C3C3-47FB-8867-162BE724CBD7}.AppStore|iPhone.Build.0 = AppStore|iPhone
		{1E3F7F6D-C3C3-47FB-8867-162BE724CBD7}.AppStore|iPhone.Deploy.0 = AppStore|iPhone
		{1E3F7F6D-C3C3-47FB-8867-162BE724CBD7}.AppStore|iPhoneSimulator.ActiveCfg = AppStore|iPhoneSimulator
		{1E3F7F6D-C3C3-47FB-8867-162BE724CBD7}.AppStore|iPhoneSimulator.Build.0 = AppStore|iPhoneSimulator
		{1E3F7F6D-C3C3-47FB-8867-162BE724CBD7}.AppStore|iPhoneSimulator.Deploy.0 = AppStore|iPhoneSimulator
		{1E3F7F6D-C3C3-47FB-8867-162BE724CBD7}.AppStore|x64.ActiveCfg = AppStore|iPhone
		{1E3F7F6D-C3C3-47FB-8867-162BE724CBD7}.AppStore|x64.Build.0 = AppStore|iPhone
		{1E3F7F6D-C3C3-47FB-8867-162BE724CBD7}.AppStore|x64.Deploy.0 = AppStore|iPhone
		{1E3F7F6D-C3C3-47FB-8867-162BE724CBD7}.AppStore|x86.ActiveCfg = AppStore|iPhone
		{1E3F7F6D-C3C3-47FB-8867-162BE724CBD7}.AppStore|x86.Build.0 = AppStore|iPhone
		{1E3F7F6D-C3C3-47FB-8867-162BE724CBD7}.AppStore|x86.Deploy.0 = AppStore|iPhone
		{1E3F7F6D-C3C3-47FB-8867-162BE724CBD7}.Debug|Any CPU.ActiveCfg = Debug|iPhoneSimulator
		{1E3F7F6D-C3C3-47FB-8867-162BE724CBD7}.Debug|Any CPU.Build.0 = Debug|iPhoneSimulator
		{1E3F7F6D-C3C3-47FB-8867-162BE724CBD7}.Debug|Any CPU.Deploy.0 = Debug|iPhoneSimulator
		{1E3F7F6D-C3C3-47FB-8867-162BE724CBD7}.Debug|ARM.ActiveCfg = Debug|iPhone
		{1E3F7F6D-C3C3-47FB-8867-162BE724CBD7}.Debug|ARM.Build.0 = Debug|iPhone
		{1E3F7F6D-C3C3-47FB-8867-162BE724CBD7}.Debug|ARM.Deploy.0 = Debug|iPhone
		{1E3F7F6D-C3C3-47FB-8867-162BE724CBD7}.Debug|iPhone.ActiveCfg = Debug|iPhone
		{1E3F7F6D-C3C3-47FB-8867-162BE724CBD7}.Debug|iPhone.Build.0 = Debug|iPhone
		{1E3F7F6D-C3C3-47FB-8867-162BE724CBD7}.Debug|iPhone.Deploy.0 = Debug|iPhone
		{1E3F7F6D-C3C3-47FB-8867-162BE724CBD7}.Debug|iPhoneSimulator.ActiveCfg = Debug|iPhoneSimulator
		{1E3F7F6D-C3C3-47FB-8867-162BE724CBD7}.Debug|iPhoneSimulator.Build.0 = Debug|iPhoneSimulator
		{1E3F7F6D-C3C3-47FB-8867-162BE724CBD7}.Debug|iPhoneSimulator.Deploy.0 = Debug|iPhoneSimulator
		{1E3F7F6D-C3C3-47FB-8867-162BE724CBD7}.Debug|x64.ActiveCfg = Debug|iPhone
		{1E3F7F6D-C3C3-47FB-8867-162BE724CBD7}.Debug|x64.Build.0 = Debug|iPhone
		{1E3F7F6D-C3C3-47FB-8867-162BE724CBD7}.Debug|x64.Deploy.0 = Debug|iPhone
		{1E3F7F6D-C3C3-47FB-8867-162BE724CBD7}.Debug|x86.ActiveCfg = Debug|iPhone
		{1E3F7F6D-C3C3-47FB-8867-162BE724CBD7}.Debug|x86.Build.0 = Debug|iPhone
		{1E3F7F6D-C3C3-47FB-8867-162BE724CBD7}.Debug|x86.Deploy.0 = Debug|iPhone
		{1E3F7F6D-C3C3-47FB-8867-162BE724CBD7}.Release|Any CPU.ActiveCfg = Release|iPhone
		{1E3F7F6D-C3C3-47FB-8867-162BE724CBD7}.Release|Any CPU.Build.0 = Release|iPhone
		{1E3F7F6D-C3C3-47FB-8867-162BE724CBD7}.Release|Any CPU.Deploy.0 = Release|iPhone
		{1E3F7F6D-C3C3-47FB-8867-162BE724CBD7}.Release|ARM.ActiveCfg = Release|iPhone
		{1E3F7F6D-C3C3-47FB-8867-162BE724CBD7}.Release|ARM.Build.0 = Release|iPhone
		{1E3F7F6D-C3C3-47FB-8867-162BE724CBD7}.Release|ARM.Deploy.0 = Release|iPhone
		{1E3F7F6D-C3C3-47FB-8867-162BE724CBD7}.Release|iPhone.ActiveCfg = Release|iPhone
		{1E3F7F6D-C3C3-47FB-8867-162BE724CBD7}.Release|iPhone.Build.0 = Release|iPhone
		{1E3F7F6D-C3C3-47FB-8867-162BE724CBD7}.Release|iPhone.Deploy.0 = Release|iPhone
		{1E3F7F6D-C3C3-47FB-8867-162BE724CBD7}.Release|iPhoneSimulator.ActiveCfg = Release|iPhoneSimulator
		{1E3F7F6D-C3C3-47FB-8867-162BE724CBD7}.Release|iPhoneSimulator.Build.0 = Release|iPhoneSimulator
		{1E3F7F6D-C3C3-47FB-8867-162BE724CBD7}.Release|iPhoneSimulator.Deploy.0 = Release|iPhoneSimulator
		{1E3F7F6D-C3C3-47FB-8867-162BE724CBD7}.Release|x64.ActiveCfg = Release|iPhone
		{1E3F7F6D-C3C3-47FB-8867-162BE724CBD7}.Release|x64.Build.0 = Release|iPhone
		{1E3F7F6D-C3C3-47FB-8867-162BE724CBD7}.Release|x64.Deploy.0 = Release|iPhone
		{1E3F7F6D-C3C3-47FB-8867-162BE724CBD7}.Release|x86.ActiveCfg = Release|iPhone
		{1E3F7F6D-C3C3-47FB-8867-162BE724CBD7}.Release|x86.Build.0 = Release|iPhone
		{1E3F7F6D-C3C3-47FB-8867-162BE724CBD7}.Release|x86.Deploy.0 = Release|iPhone
		{1A18D860-683F-4D3E-83B8-7B0F8CC1B8AC}.Ad-Hoc|Any CPU.ActiveCfg = Release|x86
		{1A18D860-683F-4D3E-83B8-7B0F8CC1B8AC}.Ad-Hoc|Any CPU.Build.0 = Release|x86
		{1A18D860-683F-4D3E-83B8-7B0F8CC1B8AC}.Ad-Hoc|Any CPU.Deploy.0 = Release|x86
		{1A18D860-683F-4D3E-83B8-7B0F8CC1B8AC}.Ad-Hoc|ARM.ActiveCfg = Release|ARM
		{1A18D860-683F-4D3E-83B8-7B0F8CC1B8AC}.Ad-Hoc|ARM.Build.0 = Release|ARM
		{1A18D860-683F-4D3E-83B8-7B0F8CC1B8AC}.Ad-Hoc|ARM.Deploy.0 = Release|ARM
		{1A18D860-683F-4D3E-83B8-7B0F8CC1B8AC}.Ad-Hoc|iPhone.ActiveCfg = Release|x86
		{1A18D860-683F-4D3E-83B8-7B0F8CC1B8AC}.Ad-Hoc|iPhone.Build.0 = Release|x86
		{1A18D860-683F-4D3E-83B8-7B0F8CC1B8AC}.Ad-Hoc|iPhone.Deploy.0 = Release|x86
		{1A18D860-683F-4D3E-83B8-7B0F8CC1B8AC}.Ad-Hoc|iPhoneSimulator.ActiveCfg = Release|x86
		{1A18D860-683F-4D3E-83B8-7B0F8CC1B8AC}.Ad-Hoc|iPhoneSimulator.Build.0 = Release|x86
		{1A18D860-683F-4D3E-83B8-7B0F8CC1B8AC}.Ad-Hoc|iPhoneSimulator.Deploy.0 = Release|x86
		{1A18D860-683F-4D3E-83B8-7B0F8CC1B8AC}.Ad-Hoc|x64.ActiveCfg = Release|x64
		{1A18D860-683F-4D3E-83B8-7B0F8CC1B8AC}.Ad-Hoc|x64.Build.0 = Release|x64
		{1A18D860-683F-4D3E-83B8-7B0F8CC1B8AC}.Ad-Hoc|x64.Deploy.0 = Release|x64
		{1A18D860-683F-4D3E-83B8-7B0F8CC1B8AC}.Ad-Hoc|x86.ActiveCfg = Release|x86
		{1A18D860-683F-4D3E-83B8-7B0F8CC1B8AC}.Ad-Hoc|x86.Build.0 = Release|x86
		{1A18D860-683F-4D3E-83B8-7B0F8CC1B8AC}.Ad-Hoc|x86.Deploy.0 = Release|x86
		{1A18D860-683F-4D3E-83B8-7B0F8CC1B8AC}.AppStore|Any CPU.ActiveCfg = Release|x86
		{1A18D860-683F-4D3E-83B8-7B0F8CC1B8AC}.AppStore|Any CPU.Build.0 = Release|x86
		{1A18D860-683F-4D3E-83B8-7B0F8CC1B8AC}.AppStore|Any CPU.Deploy.0 = Release|x86
		{1A18D860-683F-4D3E-83B8-7B0F8CC1B8AC}.AppStore|ARM.ActiveCfg = Release|ARM
		{1A18D860-683F-4D3E-83B8-7B0F8CC1B8AC}.AppStore|ARM.Build.0 = Release|ARM
		{1A18D860-683F-4D3E-83B8-7B0F8CC1B8AC}.AppStore|ARM.Deploy.0 = Release|ARM
		{1A18D860-683F-4D3E-83B8-7B0F8CC1B8AC}.AppStore|iPhone.ActiveCfg = Release|x86
		{1A18D860-683F-4D3E-83B8-7B0F8CC1B8AC}.AppStore|iPhone.Build.0 = Release|x86
		{1A18D860-683F-4D3E-83B8-7B0F8CC1B8AC}.AppStore|iPhone.Deploy.0 = Release|x86
		{1A18D860-683F-4D3E-83B8-7B0F8CC1B8AC}.AppStore|iPhoneSimulator.ActiveCfg = Release|x86
		{1A18D860-683F-4D3E-83B8-7B0F8CC1B8AC}.AppStore|iPhoneSimulator.Build.0 = Release|x86
		{1A18D860-683F-4D3E-83B8-7B0F8CC1B8AC}.AppStore|iPhoneSimulator.Deploy.0 = Release|x86
		{1A18D860-683F-4D3E-83B8-7B0F8CC1B8AC}.AppStore|x64.ActiveCfg = Release|x64
		{1A18D860-683F-4D3E-83B8-7B0F8CC1B8AC}.AppStore|x64.Build.0 = Release|x64
		{1A18D860-683F-4D3E-83B8-7B0F8CC1B8AC}.AppStore|x64.Deploy.0 = Release|x64
		{1A18D860-683F-4D3E-83B8-7B0F8CC1B8AC}.AppStore|x86.ActiveCfg = Release|x86
		{1A18D860-683F-4D3E-83B8-7B0F8CC1B8AC}.AppStore|x86.Build.0 = Release|x86
		{1A18D860-683F-4D3E-83B8-7B0F8CC1B8AC}.AppStore|x86.Deploy.0 = Release|x86
		{1A18D860-683F-4D3E-83B8-7B0F8CC1B8AC}.Debug|Any CPU.ActiveCfg = Debug|x86
		{1A18D860-683F-4D3E-83B8-7B0F8CC1B8AC}.Debug|Any CPU.Build.0 = Debug|x86
		{1A18D860-683F-4D3E-83B8-7B0F8CC1B8AC}.Debug|Any CPU.Deploy.0 = Debug|x86
		{1A18D860-683F-4D3E-83B8-7B0F8CC1B8AC}.Debug|ARM.ActiveCfg = Debug|ARM
		{1A18D860-683F-4D3E-83B8-7B0F8CC1B8AC}.Debug|ARM.Build.0 = Debug|ARM
		{1A18D860-683F-4D3E-83B8-7B0F8CC1B8AC}.Debug|ARM.Deploy.0 = Debug|ARM
		{1A18D860-683F-4D3E-83B8-7B0F8CC1B8AC}.Debug|iPhone.ActiveCfg = Debug|x86
		{1A18D860-683F-4D3E-83B8-7B0F8CC1B8AC}.Debug|iPhone.Build.0 = Debug|x86
		{1A18D860-683F-4D3E-83B8-7B0F8CC1B8AC}.Debug|iPhone.Deploy.0 = Debug|x86
		{1A18D860-683F-4D3E-83B8-7B0F8CC1B8AC}.Debug|iPhoneSimulator.ActiveCfg = Debug|x86
		{1A18D860-683F-4D3E-83B8-7B0F8CC1B8AC}.Debug|iPhoneSimulator.Build.0 = Debug|x86
		{1A18D860-683F-4D3E-83B8-7B0F8CC1B8AC}.Debug|iPhoneSimulator.Deploy.0 = Debug|x86
		{1A18D860-683F-4D3E-83B8-7B0F8CC1B8AC}.Debug|x64.ActiveCfg = Debug|x64
		{1A18D860-683F-4D3E-83B8-7B0F8CC1B8AC}.Debug|x64.Build.0 = Debug|x64
		{1A18D860-683F-4D3E-83B8-7B0F8CC1B8AC}.Debug|x64.Deploy.0 = Debug|x64
		{1A18D860-683F-4D3E-83B8-7B0F8CC1B8AC}.Debug|x86.ActiveCfg = Debug|x86
		{1A18D860-683F-4D3E-83B8-7B0F8CC1B8AC}.Debug|x86.Build.0 = Debug|x86
		{1A18D860-683F-4D3E-83B8-7B0F8CC1B8AC}.Debug|x86.Deploy.0 = Debug|x86
		{1A18D860-683F-4D3E-83B8-7B0F8CC1B8AC}.Release|Any CPU.ActiveCfg = Release|x86
		{1A18D860-683F-4D3E-83B8-7B0F8CC1B8AC}.Release|Any CPU.Build.0 = Release|x86
		{1A18D860-683F-4D3E-83B8-7B0F8CC1B8AC}.Release|Any CPU.Deploy.0 = Release|x86
		{1A18D860-683F-4D3E-83B8-7B0F8CC1B8AC}.Release|ARM.ActiveCfg = Release|ARM
		{1A18D860-683F-4D3E-83B8-7B0F8CC1B8AC}.Release|ARM.Build.0 = Release|ARM
		{1A18D860-683F-4D3E-83B8-7B0F8CC1B8AC}.Release|ARM.Deploy.0 = Release|ARM
		{1A18D860-683F-4D3E-83B8-7B0F8CC1B8AC}.Release|iPhone.ActiveCfg = Release|x86
		{1A18D860-683F-4D3E-83B8-7B0F8CC1B8AC}.Release|iPhone.Build.0 = Release|x86
		{1A18D860-683F-4D3E-83B8-7B0F8CC1B8AC}.Release|iPhone.Deploy.0 = Release|x86
		{1A18D860-683F-4D3E-83B8-7B0F8CC1B8AC}.Release|iPhoneSimulator.ActiveCfg = Release|x86
		{1A18D860-683F-4D3E-83B8-7B0F8CC1B8AC}.Release|iPhoneSimulator.Build.0 = Release|x86
		{1A18D860-683F-4D3E-83B8-7B0F8CC1B8AC}.Release|iPhoneSimulator.Deploy.0 = Release|x86
		{1A18D860-683F-4D3E-83B8-7B0F8CC1B8AC}.Release|x64.ActiveCfg = Release|x64
		{1A18D860-683F-4D3E-83B8-7B0F8CC1B8AC}.Release|x64.Build.0 = Release|x64
		{1A18D860-683F-4D3E-83B8-7B0F8CC1B8AC}.Release|x64.Deploy.0 = Release|x64
		{1A18D860-683F-4D3E-83B8-7B0F8CC1B8AC}.Release|x86.ActiveCfg = Release|x86
		{1A18D860-683F-4D3E-83B8-7B0F8CC1B8AC}.Release|x86.Build.0 = Release|x86
		{1A18D860-683F-4D3E-83B8-7B0F8CC1B8AC}.Release|x86.Deploy.0 = Release|x86
		{0A9BEA65-8C98-4C8E-B4ED-322EA0B20044}.Ad-Hoc|Any CPU.ActiveCfg = Debug|Any CPU
		{0A9BEA65-8C98-4C8E-B4ED-322EA0B20044}.Ad-Hoc|Any CPU.Build.0 = Debug|Any CPU
		{0A9BEA65-8C98-4C8E-B4ED-322EA0B20044}.Ad-Hoc|Any CPU.Deploy.0 = Debug|Any CPU
		{0A9BEA65-8C98-4C8E-B4ED-322EA0B20044}.Ad-Hoc|ARM.ActiveCfg = Debug|Any CPU
		{0A9BEA65-8C98-4C8E-B4ED-322EA0B20044}.Ad-Hoc|ARM.Build.0 = Debug|Any CPU
		{0A9BEA65-8C98-4C8E-B4ED-322EA0B20044}.Ad-Hoc|ARM.Deploy.0 = Debug|Any CPU
		{0A9BEA65-8C98-4C8E-B4ED-322EA0B20044}.Ad-Hoc|iPhone.ActiveCfg = Debug|Any CPU
		{0A9BEA65-8C98-4C8E-B4ED-322EA0B20044}.Ad-Hoc|iPhone.Build.0 = Debug|Any CPU
		{0A9BEA65-8C98-4C8E-B4ED-322EA0B20044}.Ad-Hoc|iPhone.Deploy.0 = Debug|Any CPU
		{0A9BEA65-8C98-4C8E-B4ED-322EA0B20044}.Ad-Hoc|iPhoneSimulator.ActiveCfg = Debug|Any CPU
		{0A9BEA65-8C98-4C8E-B4ED-322EA0B20044}.Ad-Hoc|iPhoneSimulator.Build.0 = Debug|Any CPU
		{0A9BEA65-8C98-4C8E-B4ED-322EA0B20044}.Ad-Hoc|iPhoneSimulator.Deploy.0 = Debug|Any CPU
		{0A9BEA65-8C98-4C8E-B4ED-322EA0B20044}.Ad-Hoc|x64.ActiveCfg = Debug|Any CPU
		{0A9BEA65-8C98-4C8E-B4ED-322EA0B20044}.Ad-Hoc|x64.Build.0 = Debug|Any CPU
		{0A9BEA65-8C98-4C8E-B4ED-322EA0B20044}.Ad-Hoc|x64.Deploy.0 = Debug|Any CPU
		{0A9BEA65-8C98-4C8E-B4ED-322EA0B20044}.Ad-Hoc|x86.ActiveCfg = Debug|Any CPU
		{0A9BEA65-8C98-4C8E-B4ED-322EA0B20044}.Ad-Hoc|x86.Build.0 = Debug|Any CPU
		{0A9BEA65-8C98-4C8E-B4ED-322EA0B20044}.Ad-Hoc|x86.Deploy.0 = Debug|Any CPU
		{0A9BEA65-8C98-4C8E-B4ED-322EA0B20044}.AppStore|Any CPU.ActiveCfg = Debug|Any CPU
		{0A9BEA65-8C98-4C8E-B4ED-322EA0B20044}.AppStore|Any CPU.Build.0 = Debug|Any CPU
		{0A9BEA65-8C98-4C8E-B4ED-322EA0B20044}.AppStore|Any CPU.Deploy.0 = Debug|Any CPU
		{0A9BEA65-8C98-4C8E-B4ED-322EA0B20044}.AppStore|ARM.ActiveCfg = Debug|Any CPU
		{0A9BEA65-8C98-4C8E-B4ED-322EA0B20044}.AppStore|ARM.Build.0 = Debug|Any CPU
		{0A9BEA65-8C98-4C8E-B4ED-322EA0B20044}.AppStore|ARM.Deploy.0 = Debug|Any CPU
		{0A9BEA65-8C98-4C8E-B4ED-322EA0B20044}.AppStore|iPhone.ActiveCfg = Debug|Any CPU
		{0A9BEA65-8C98-4C8E-B4ED-322EA0B20044}.AppStore|iPhone.Build.0 = Debug|Any CPU
		{0A9BEA65-8C98-4C8E-B4ED-322EA0B20044}.AppStore|iPhone.Deploy.0 = Debug|Any CPU
		{0A9BEA65-8C98-4C8E-B4ED-322EA0B20044}.AppStore|iPhoneSimulator.ActiveCfg = Debug|Any CPU
		{0A9BEA65-8C98-4C8E-B4ED-322EA0B20044}.AppStore|iPhoneSimulator.Build.0 = Debug|Any CPU
		{0A9BEA65-8C98-4C8E-B4ED-322EA0B20044}.AppStore|iPhoneSimulator.Deploy.0 = Debug|Any CPU
		{0A9BEA65-8C98-4C8E-B4ED-322EA0B20044}.AppStore|x64.ActiveCfg = Debug|Any CPU
		{0A9BEA65-8C98-4C8E-B4ED-322EA0B20044}.AppStore|x64.Build.0 = Debug|Any CPU
		{0A9BEA65-8C98-4C8E-B4ED-322EA0B20044}.AppStore|x64.Deploy.0 = Debug|Any CPU
		{0A9BEA65-8C98-4C8E-B4ED-322EA0B20044}.AppStore|x86.ActiveCfg = Debug|Any CPU
		{0A9BEA65-8C98-4C8E-B4ED-322EA0B20044}.AppStore|x86.Build.0 = Debug|Any CPU
		{0A9BEA65-8C98-4C8E-B4ED-322EA0B20044}.AppStore|x86.Deploy.0 = Debug|Any CPU
		{0A9BEA65-8C98-4C8E-B4ED-322EA0B20044}.Debug|Any CPU.ActiveCfg = Debug|Any CPU
		{0A9BEA65-8C98-4C8E-B4ED-322EA0B20044}.Debug|Any CPU.Build.0 = Debug|Any CPU
		{0A9BEA65-8C98-4C8E-B4ED-322EA0B20044}.Debug|Any CPU.Deploy.0 = Debug|Any CPU
		{0A9BEA65-8C98-4C8E-B4ED-322EA0B20044}.Debug|ARM.ActiveCfg = Debug|Any CPU
		{0A9BEA65-8C98-4C8E-B4ED-322EA0B20044}.Debug|ARM.Build.0 = Debug|Any CPU
		{0A9BEA65-8C98-4C8E-B4ED-322EA0B20044}.Debug|ARM.Deploy.0 = Debug|Any CPU
		{0A9BEA65-8C98-4C8E-B4ED-322EA0B20044}.Debug|iPhone.ActiveCfg = Debug|Any CPU
		{0A9BEA65-8C98-4C8E-B4ED-322EA0B20044}.Debug|iPhone.Build.0 = Debug|Any CPU
		{0A9BEA65-8C98-4C8E-B4ED-322EA0B20044}.Debug|iPhone.Deploy.0 = Debug|Any CPU
		{0A9BEA65-8C98-4C8E-B4ED-322EA0B20044}.Debug|iPhoneSimulator.ActiveCfg = Debug|Any CPU
		{0A9BEA65-8C98-4C8E-B4ED-322EA0B20044}.Debug|iPhoneSimulator.Build.0 = Debug|Any CPU
		{0A9BEA65-8C98-4C8E-B4ED-322EA0B20044}.Debug|iPhoneSimulator.Deploy.0 = Debug|Any CPU
		{0A9BEA65-8C98-4C8E-B4ED-322EA0B20044}.Debug|x64.ActiveCfg = Debug|Any CPU
		{0A9BEA65-8C98-4C8E-B4ED-322EA0B20044}.Debug|x64.Build.0 = Debug|Any CPU
		{0A9BEA65-8C98-4C8E-B4ED-322EA0B20044}.Debug|x64.Deploy.0 = Debug|Any CPU
		{0A9BEA65-8C98-4C8E-B4ED-322EA0B20044}.Debug|x86.ActiveCfg = Debug|Any CPU
		{0A9BEA65-8C98-4C8E-B4ED-322EA0B20044}.Debug|x86.Build.0 = Debug|Any CPU
		{0A9BEA65-8C98-4C8E-B4ED-322EA0B20044}.Debug|x86.Deploy.0 = Debug|Any CPU
		{0A9BEA65-8C98-4C8E-B4ED-322EA0B20044}.Release|Any CPU.ActiveCfg = Release|Any CPU
		{0A9BEA65-8C98-4C8E-B4ED-322EA0B20044}.Release|Any CPU.Build.0 = Release|Any CPU
		{0A9BEA65-8C98-4C8E-B4ED-322EA0B20044}.Release|Any CPU.Deploy.0 = Release|Any CPU
		{0A9BEA65-8C98-4C8E-B4ED-322EA0B20044}.Release|ARM.ActiveCfg = Release|Any CPU
		{0A9BEA65-8C98-4C8E-B4ED-322EA0B20044}.Release|ARM.Build.0 = Release|Any CPU
		{0A9BEA65-8C98-4C8E-B4ED-322EA0B20044}.Release|ARM.Deploy.0 = Release|Any CPU
		{0A9BEA65-8C98-4C8E-B4ED-322EA0B20044}.Release|iPhone.ActiveCfg = Release|Any CPU
		{0A9BEA65-8C98-4C8E-B4ED-322EA0B20044}.Release|iPhone.Build.0 = Release|Any CPU
		{0A9BEA65-8C98-4C8E-B4ED-322EA0B20044}.Release|iPhone.Deploy.0 = Release|Any CPU
		{0A9BEA65-8C98-4C8E-B4ED-322EA0B20044}.Release|iPhoneSimulator.ActiveCfg = Release|Any CPU
		{0A9BEA65-8C98-4C8E-B4ED-322EA0B20044}.Release|iPhoneSimulator.Build.0 = Release|Any CPU
		{0A9BEA65-8C98-4C8E-B4ED-322EA0B20044}.Release|iPhoneSimulator.Deploy.0 = Release|Any CPU
		{0A9BEA65-8C98-4C8E-B4ED-322EA0B20044}.Release|x64.ActiveCfg = Release|Any CPU
		{0A9BEA65-8C98-4C8E-B4ED-322EA0B20044}.Release|x64.Build.0 = Release|Any CPU
		{0A9BEA65-8C98-4C8E-B4ED-322EA0B20044}.Release|x64.Deploy.0 = Release|Any CPU
		{0A9BEA65-8C98-4C8E-B4ED-322EA0B20044}.Release|x86.ActiveCfg = Release|Any CPU
		{0A9BEA65-8C98-4C8E-B4ED-322EA0B20044}.Release|x86.Build.0 = Release|Any CPU
		{0A9BEA65-8C98-4C8E-B4ED-322EA0B20044}.Release|x86.Deploy.0 = Release|Any CPU
	EndGlobalSection
	GlobalSection(SolutionProperties) = preSolution
		HideSolutionNode = FALSE
	EndGlobalSection
	GlobalSection(ExtensibilityGlobals) = postSolution
		SolutionGuid = {26729EE0-411B-41E4-936C-89FDBE59683A}
	EndGlobalSection
EndGlobal
